
Microsoft Visual Studio Solution File, Format Version 12.00
# Visual Studio Version 16
VisualStudioVersion = 16.0.31410.357
MinimumVisualStudioVersion = 10.0.40219.1
Project("{FAE04EC0-301F-11D3-BF4B-00C04F79EFBC}") = "PokerHand", "ConsoleApp8\PokerHand.csproj", "{391091D7-B524-43BF-AAAD-B5F8CCB524A4}"
EndProject
Global
	GlobalSection(SolutionConfigurationPlatforms) = preSolution
		Debug|Any CPU = Debug|Any CPU
		Release|Any CPU = Release|Any CPU
	EndGlobalSection
	GlobalSection(ProjectConfigurationPlatforms) = postSolution
		{391091D7-B524-43BF-AAAD-B5F8CCB524A4}.Debug|Any CPU.ActiveCfg = Debug|Any CPU
		{391091D7-B524-43BF-AAAD-B5F8CCB524A4}.Debug|Any CPU.Build.0 = Debug|Any CPU
		{391091D7-B524-43BF-AAAD-B5F8CCB524A4}.Release|Any CPU.ActiveCfg = Release|Any CPU
		{391091D7-B524-43BF-AAAD-B5F8CCB524A4}.Release|Any CPU.Build.0 = Release|Any CPU
	EndGlobalSection
	GlobalSection(SolutionProperties) = preSolution
		HideSolutionNode = FALSE
	EndGlobalSection
	GlobalSection(ExtensibilityGlobals) = postSolution
		SolutionGuid = {BAC6B2FF-BDA9-4DB4-B891-A38F4E93FFB9}
	EndGlobalSection
EndGlobal
